// !$*UTF8*$!
{
	archiveVersion = 1;
	classes = {
	};
	objectVersion = 56;
	objects = {

/* Begin PBXBuildFile section */
		49068BDB2B9B64690034F2A8 /* TaskNotification.swift in Sources */ = {isa = PBXBuildFile; fileRef = 49068BDA2B9B64690034F2A8 /* TaskNotification.swift */; };
		49068BDD2B9B64840034F2A8 /* FriendRequestNotification.swift in Sources */ = {isa = PBXBuildFile; fileRef = 49068BDC2B9B64840034F2A8 /* FriendRequestNotification.swift */; };
		490F02AB2B8782A800B3180D /* TabBarView.swift in Sources */ = {isa = PBXBuildFile; fileRef = 490F02AA2B8782A800B3180D /* TabBarView.swift */; };
		4916EA942B403CA90031B40C /* PomodoroTimerView.swift in Sources */ = {isa = PBXBuildFile; fileRef = 4916EA932B403CA90031B40C /* PomodoroTimerView.swift */; };
		491839182B7EB2E00054A802 /* EditItemTaskView.swift in Sources */ = {isa = PBXBuildFile; fileRef = 491839172B7EB2E00054A802 /* EditItemTaskView.swift */; };
		491EB63E2B6DB04300ABF3B3 /* EditPrivateInfoView.swift in Sources */ = {isa = PBXBuildFile; fileRef = 491EB63D2B6DB04300ABF3B3 /* EditPrivateInfoView.swift */; };
		491EB6402B6DB2AF00ABF3B3 /* UserTheme.swift in Sources */ = {isa = PBXBuildFile; fileRef = 491EB63F2B6DB2AF00ABF3B3 /* UserTheme.swift */; };
		4928F3A32B460B21008B2F94 /* SettingsView.swift in Sources */ = {isa = PBXBuildFile; fileRef = 4928F3A22B460B21008B2F94 /* SettingsView.swift */; };
		4928F3A72B4614B2008B2F94 /* InsertDescriptionView.swift in Sources */ = {isa = PBXBuildFile; fileRef = 4928F3A62B4614B2008B2F94 /* InsertDescriptionView.swift */; };
		492A37EE2B632AE900702B5B /* LoginViewViewModel.swift in Sources */ = {isa = PBXBuildFile; fileRef = 49FE57422B1CDBD800E4A0E2 /* LoginViewViewModel.swift */; };
		492A37F02B632CA600702B5B /* ToDoItemsWidget.swift in Sources */ = {isa = PBXBuildFile; fileRef = 4941EF092B5DE8BA000A759D /* ToDoItemsWidget.swift */; };
		492A37F12B632FAB00702B5B /* MainViewViewModel.swift in Sources */ = {isa = PBXBuildFile; fileRef = 49FE57382B1CDB3C00E4A0E2 /* MainViewViewModel.swift */; };
		492B54C52B2266DF00041139 /* ListItemViewViewModel.swift in Sources */ = {isa = PBXBuildFile; fileRef = 492B54C42B2266DF00041139 /* ListItemViewViewModel.swift */; };
		492E29792B1D4BE600021383 /* HeaderView.swift in Sources */ = {isa = PBXBuildFile; fileRef = 492E29782B1D4BE600021383 /* HeaderView.swift */; };
		492E297B2B1D522900021383 /* ButtonFormView.swift in Sources */ = {isa = PBXBuildFile; fileRef = 492E297A2B1D522900021383 /* ButtonFormView.swift */; };
		4941EF032B5DE8BA000A759D /* WidgetKit.framework in Frameworks */ = {isa = PBXBuildFile; fileRef = 4941EF022B5DE8B9000A759D /* WidgetKit.framework */; };
		4941EF052B5DE8BA000A759D /* SwiftUI.framework in Frameworks */ = {isa = PBXBuildFile; fileRef = 4941EF042B5DE8BA000A759D /* SwiftUI.framework */; };
		4941EF082B5DE8BA000A759D /* WidgetBundle.swift in Sources */ = {isa = PBXBuildFile; fileRef = 4941EF072B5DE8BA000A759D /* WidgetBundle.swift */; };
		4941EF0A2B5DE8BA000A759D /* ToDoItemsWidget.swift in Sources */ = {isa = PBXBuildFile; fileRef = 4941EF092B5DE8BA000A759D /* ToDoItemsWidget.swift */; };
		4941EF0C2B5DE8BF000A759D /* Assets.xcassets in Resources */ = {isa = PBXBuildFile; fileRef = 4941EF0B2B5DE8BF000A759D /* Assets.xcassets */; };
		4941EF102B5DE8BF000A759D /* WidgetExtension.appex in Embed Foundation Extensions */ = {isa = PBXBuildFile; fileRef = 4941EF002B5DE8B9000A759D /* WidgetExtension.appex */; settings = {ATTRIBUTES = (RemoveHeadersOnCopy, ); }; };
		4941EF182B5DE999000A759D /* WidgetType.swift in Sources */ = {isa = PBXBuildFile; fileRef = 4941EF172B5DE999000A759D /* WidgetType.swift */; };
		4941EF192B5DE999000A759D /* WidgetType.swift in Sources */ = {isa = PBXBuildFile; fileRef = 4941EF172B5DE999000A759D /* WidgetType.swift */; };
		4941EF1B2B5DE9E9000A759D /* Shared.swift in Sources */ = {isa = PBXBuildFile; fileRef = 4941EF1A2B5DE9E9000A759D /* Shared.swift */; };
		4941EF1C2B5DE9E9000A759D /* Shared.swift in Sources */ = {isa = PBXBuildFile; fileRef = 4941EF1A2B5DE9E9000A759D /* Shared.swift */; };
		4952FE492B3D009800B52C65 /* Launch Screen.storyboard in Resources */ = {isa = PBXBuildFile; fileRef = 4952FE482B3D009800B52C65 /* Launch Screen.storyboard */; };
		496E1BCA2B2D10D30036AC23 /* ProfileImageView.swift in Sources */ = {isa = PBXBuildFile; fileRef = 496E1BC92B2D10D30036AC23 /* ProfileImageView.swift */; };
		496F10002B331957005CCA4B /* StartView.swift in Sources */ = {isa = PBXBuildFile; fileRef = 496F0FFF2B331957005CCA4B /* StartView.swift */; };
		4970661F2B462C4200C16D88 /* CategoryTask.swift in Sources */ = {isa = PBXBuildFile; fileRef = 4970661E2B462C4200C16D88 /* CategoryTask.swift */; };
		497738DE2B7AC85200789847 /* CustomPickerView.swift in Sources */ = {isa = PBXBuildFile; fileRef = 497738DD2B7AC85200789847 /* CustomPickerView.swift */; };
		498697762B8936A200C4A3DD /* EventItem.swift in Sources */ = {isa = PBXBuildFile; fileRef = 498697752B8936A200C4A3DD /* EventItem.swift */; };
		499074D82B87D2E9008C2783 /* CalendarViewViewModel.swift in Sources */ = {isa = PBXBuildFile; fileRef = 499074D72B87D2E9008C2783 /* CalendarViewViewModel.swift */; };
		499074DA2B87D32D008C2783 /* CustomCalendarView.swift in Sources */ = {isa = PBXBuildFile; fileRef = 499074D92B87D32D008C2783 /* CustomCalendarView.swift */; };
		4991E1562B5F41EE00D6ED63 /* GoogleService-Info.plist in Resources */ = {isa = PBXBuildFile; fileRef = 49FE57202B1CB85400E4A0E2 /* GoogleService-Info.plist */; };
		4991E1582B5F440200D6ED63 /* FirebaseAuth in Frameworks */ = {isa = PBXBuildFile; productRef = 4991E1572B5F440200D6ED63 /* FirebaseAuth */; };
		4991E15A2B5F440200D6ED63 /* FirebaseFirestore in Frameworks */ = {isa = PBXBuildFile; productRef = 4991E1592B5F440200D6ED63 /* FirebaseFirestore */; };
		4991E1622B5F5CA700D6ED63 /* Theme.swift in Sources */ = {isa = PBXBuildFile; fileRef = 49DDA17F2B44BF7B009218C4 /* Theme.swift */; };
		499531132B52083700547910 /* NotificationView.swift in Sources */ = {isa = PBXBuildFile; fileRef = 499531122B52083700547910 /* NotificationView.swift */; };
		4998F35D2B8BFCE70082B60F /* EventViewViewModel.swift in Sources */ = {isa = PBXBuildFile; fileRef = 4998F35C2B8BFCE70082B60F /* EventViewViewModel.swift */; };
		499A0F692B83F60400527A4C /* BannerView.swift in Sources */ = {isa = PBXBuildFile; fileRef = 499A0F682B83F60400527A4C /* BannerView.swift */; };
		499E1DE02B46FA5200A7EF9A /* Routes.swift in Sources */ = {isa = PBXBuildFile; fileRef = 499E1DDF2B46FA5200A7EF9A /* Routes.swift */; };
		49B19B9E2B4F4E490063C755 /* HapticTrigger.swift in Sources */ = {isa = PBXBuildFile; fileRef = 49B19B9D2B4F4E490063C755 /* HapticTrigger.swift */; };
		49B584F22B5211B200F3D004 /* Notification.swift in Sources */ = {isa = PBXBuildFile; fileRef = 49B584F12B5211B200F3D004 /* Notification.swift */; };
		49B584F42B5213D300F3D004 /* NotificationViewViewModel.swift in Sources */ = {isa = PBXBuildFile; fileRef = 49B584F32B5213D300F3D004 /* NotificationViewViewModel.swift */; };
		49B584F62B52178800F3D004 /* RequestNewItemView.swift in Sources */ = {isa = PBXBuildFile; fileRef = 49B584F52B52178800F3D004 /* RequestNewItemView.swift */; };
		49B862C12B1BC45200FED137 /* ToDoListApp.swift in Sources */ = {isa = PBXBuildFile; fileRef = 49B862C02B1BC45200FED137 /* ToDoListApp.swift */; };
		49B862C32B1BC45200FED137 /* MainView.swift in Sources */ = {isa = PBXBuildFile; fileRef = 49B862C22B1BC45200FED137 /* MainView.swift */; };
		49B862C52B1BC45500FED137 /* Assets.xcassets in Resources */ = {isa = PBXBuildFile; fileRef = 49B862C42B1BC45500FED137 /* Assets.xcassets */; };
		49B862C82B1BC45500FED137 /* Preview Assets.xcassets in Resources */ = {isa = PBXBuildFile; fileRef = 49B862C72B1BC45500FED137 /* Preview Assets.xcassets */; };
		49B90D7B2B8A19260019F438 /* EventInfoView.swift in Sources */ = {isa = PBXBuildFile; fileRef = 49B90D7A2B8A19260019F438 /* EventInfoView.swift */; };
		49B90D7D2B8A23070019F438 /* EventInfoCardView.swift in Sources */ = {isa = PBXBuildFile; fileRef = 49B90D7C2B8A23070019F438 /* EventInfoCardView.swift */; };
		49C5EA1B2B9F022900D9E170 /* ContactInfoView.swift in Sources */ = {isa = PBXBuildFile; fileRef = 49C5EA1A2B9F022900D9E170 /* ContactInfoView.swift */; };
		49C61BC62B436B3D00F1999C /* ProgressBarView.swift in Sources */ = {isa = PBXBuildFile; fileRef = 49C61BC52B436B3D00F1999C /* ProgressBarView.swift */; };
		49C61BC82B43852300F1999C /* TimerView.swift in Sources */ = {isa = PBXBuildFile; fileRef = 49C61BC72B43852300F1999C /* TimerView.swift */; };
		49C61BCA2B4385C300F1999C /* TimerArc.swift in Sources */ = {isa = PBXBuildFile; fileRef = 49C61BC92B4385C300F1999C /* TimerArc.swift */; };
		49D5307F2B683D6100C9206E /* UserContact.swift in Sources */ = {isa = PBXBuildFile; fileRef = 49D5307E2B683D6100C9206E /* UserContact.swift */; };
		49D5CE562B291824009CF312 /* ToDoListItemView.swift in Sources */ = {isa = PBXBuildFile; fileRef = 49D5CE552B291824009CF312 /* ToDoListItemView.swift */; };
		49DB4B9B2B49866300811C93 /* InfoToDoItem.swift in Sources */ = {isa = PBXBuildFile; fileRef = 49DB4B9A2B49866300811C93 /* InfoToDoItem.swift */; };
		49DDA1802B44BF7B009218C4 /* Theme.swift in Sources */ = {isa = PBXBuildFile; fileRef = 49DDA17F2B44BF7B009218C4 /* Theme.swift */; };
		49E11F922B1FC989009E72E8 /* Extensions.swift in Sources */ = {isa = PBXBuildFile; fileRef = 49E11F912B1FC989009E72E8 /* Extensions.swift */; };
		49E946882B50848700148273 /* SharedToDoListView.swift in Sources */ = {isa = PBXBuildFile; fileRef = 49E946872B50848700148273 /* SharedToDoListView.swift */; };
		49F0D3722B5566BA0053206A /* ContactsView.swift in Sources */ = {isa = PBXBuildFile; fileRef = 49F0D3712B5566BA0053206A /* ContactsView.swift */; };
		49F0D3742B5567860053206A /* ContactsViewViewModel.swift in Sources */ = {isa = PBXBuildFile; fileRef = 49F0D3732B5567860053206A /* ContactsViewViewModel.swift */; };
		49F0D3762B5569F30053206A /* ContactItemView.swift in Sources */ = {isa = PBXBuildFile; fileRef = 49F0D3752B5569F30053206A /* ContactItemView.swift */; };
		49F363B72B8F5836009E5E89 /* ToDoItemViewViewModel.swift in Sources */ = {isa = PBXBuildFile; fileRef = 49F363B62B8F5836009E5E89 /* ToDoItemViewViewModel.swift */; };
		49F363B92B8F5844009E5E89 /* EventItemViewViewModel.swift in Sources */ = {isa = PBXBuildFile; fileRef = 49F363B82B8F5844009E5E89 /* EventItemViewViewModel.swift */; };
		49F4CE542B8D124C009F9895 /* EditEventItemView.swift in Sources */ = {isa = PBXBuildFile; fileRef = 49F4CE532B8D124C009F9895 /* EditEventItemView.swift */; };
		49F55D512BA0FBB70095869D /* FriendRequestView.swift in Sources */ = {isa = PBXBuildFile; fileRef = 49F55D502BA0FBB70095869D /* FriendRequestView.swift */; };
		49FE571B2B1CB65500E4A0E2 /* FirebaseAuth in Frameworks */ = {isa = PBXBuildFile; productRef = 49FE571A2B1CB65500E4A0E2 /* FirebaseAuth */; };
		49FE571D2B1CB65500E4A0E2 /* FirebaseFirestore in Frameworks */ = {isa = PBXBuildFile; productRef = 49FE571C2B1CB65500E4A0E2 /* FirebaseFirestore */; };
		49FE571F2B1CB65500E4A0E2 /* FirebaseFirestoreSwift in Frameworks */ = {isa = PBXBuildFile; productRef = 49FE571E2B1CB65500E4A0E2 /* FirebaseFirestoreSwift */; };
		49FE57212B1CB85400E4A0E2 /* GoogleService-Info.plist in Resources */ = {isa = PBXBuildFile; fileRef = 49FE57202B1CB85400E4A0E2 /* GoogleService-Info.plist */; };
		49FE57272B1CD99000E4A0E2 /* ProfileView.swift in Sources */ = {isa = PBXBuildFile; fileRef = 49FE57262B1CD99000E4A0E2 /* ProfileView.swift */; };
		49FE572D2B1CDA3700E4A0E2 /* NewItemView.swift in Sources */ = {isa = PBXBuildFile; fileRef = 49FE572C2B1CDA3700E4A0E2 /* NewItemView.swift */; };
		49FE572F2B1CDA5100E4A0E2 /* LoginView.swift in Sources */ = {isa = PBXBuildFile; fileRef = 49FE572E2B1CDA5100E4A0E2 /* LoginView.swift */; };
		49FE57312B1CDA7800E4A0E2 /* RegisterView.swift in Sources */ = {isa = PBXBuildFile; fileRef = 49FE57302B1CDA7800E4A0E2 /* RegisterView.swift */; };
		49FE57332B1CDA9D00E4A0E2 /* ToDoListView.swift in Sources */ = {isa = PBXBuildFile; fileRef = 49FE57322B1CDA9D00E4A0E2 /* ToDoListView.swift */; };
		49FE57352B1CDADC00E4A0E2 /* User.swift in Sources */ = {isa = PBXBuildFile; fileRef = 49FE57342B1CDADC00E4A0E2 /* User.swift */; };
		49FE57372B1CDAEF00E4A0E2 /* ToDoListItem.swift in Sources */ = {isa = PBXBuildFile; fileRef = 49FE57362B1CDAEF00E4A0E2 /* ToDoListItem.swift */; };
		49FE57392B1CDB3C00E4A0E2 /* MainViewViewModel.swift in Sources */ = {isa = PBXBuildFile; fileRef = 49FE57382B1CDB3C00E4A0E2 /* MainViewViewModel.swift */; };
		49FE573B2B1CDB6100E4A0E2 /* ProfileViewViewModel.swift in Sources */ = {isa = PBXBuildFile; fileRef = 49FE573A2B1CDB6100E4A0E2 /* ProfileViewViewModel.swift */; };
		49FE573D2B1CDBAE00E4A0E2 /* ToDoListViewViewModel.swift in Sources */ = {isa = PBXBuildFile; fileRef = 49FE573C2B1CDBAE00E4A0E2 /* ToDoListViewViewModel.swift */; };
		49FE573F2B1CDBB900E4A0E2 /* NewItemViewViewModel.swift in Sources */ = {isa = PBXBuildFile; fileRef = 49FE573E2B1CDBB900E4A0E2 /* NewItemViewViewModel.swift */; };
		49FE57432B1CDBD800E4A0E2 /* LoginViewViewModel.swift in Sources */ = {isa = PBXBuildFile; fileRef = 49FE57422B1CDBD800E4A0E2 /* LoginViewViewModel.swift */; };
		49FE57462B1CDBED00E4A0E2 /* RegisterViewViewModel.swift in Sources */ = {isa = PBXBuildFile; fileRef = 49FE57452B1CDBED00E4A0E2 /* RegisterViewViewModel.swift */; };
/* End PBXBuildFile section */

/* Begin PBXContainerItemProxy section */
		4941EF0E2B5DE8BF000A759D /* PBXContainerItemProxy */ = {
			isa = PBXContainerItemProxy;
			containerPortal = 49B862B52B1BC45200FED137 /* Project object */;
			proxyType = 1;
			remoteGlobalIDString = 4941EEFF2B5DE8B9000A759D;
			remoteInfo = WidgetExtension;
		};
/* End PBXContainerItemProxy section */

/* Begin PBXCopyFilesBuildPhase section */
		4941EF112B5DE8BF000A759D /* Embed Foundation Extensions */ = {
			isa = PBXCopyFilesBuildPhase;
			buildActionMask = 2147483647;
			dstPath = "";
			dstSubfolderSpec = 13;
			files = (
				4941EF102B5DE8BF000A759D /* WidgetExtension.appex in Embed Foundation Extensions */,
			);
			name = "Embed Foundation Extensions";
			runOnlyForDeploymentPostprocessing = 0;
		};
/* End PBXCopyFilesBuildPhase section */

/* Begin PBXFileReference section */
		49068BDA2B9B64690034F2A8 /* TaskNotification.swift */ = {isa = PBXFileReference; lastKnownFileType = sourcecode.swift; path = TaskNotification.swift; sourceTree = "<group>"; };
		49068BDC2B9B64840034F2A8 /* FriendRequestNotification.swift */ = {isa = PBXFileReference; lastKnownFileType = sourcecode.swift; path = FriendRequestNotification.swift; sourceTree = "<group>"; };
		490F02AA2B8782A800B3180D /* TabBarView.swift */ = {isa = PBXFileReference; lastKnownFileType = sourcecode.swift; path = TabBarView.swift; sourceTree = "<group>"; };
		4916EA932B403CA90031B40C /* PomodoroTimerView.swift */ = {isa = PBXFileReference; lastKnownFileType = sourcecode.swift; path = PomodoroTimerView.swift; sourceTree = "<group>"; };
		491839172B7EB2E00054A802 /* EditItemTaskView.swift */ = {isa = PBXFileReference; lastKnownFileType = sourcecode.swift; path = EditItemTaskView.swift; sourceTree = "<group>"; };
		491EB63D2B6DB04300ABF3B3 /* EditPrivateInfoView.swift */ = {isa = PBXFileReference; lastKnownFileType = sourcecode.swift; path = EditPrivateInfoView.swift; sourceTree = "<group>"; };
		491EB63F2B6DB2AF00ABF3B3 /* UserTheme.swift */ = {isa = PBXFileReference; lastKnownFileType = sourcecode.swift; path = UserTheme.swift; sourceTree = "<group>"; };
		4928F3A22B460B21008B2F94 /* SettingsView.swift */ = {isa = PBXFileReference; lastKnownFileType = sourcecode.swift; path = SettingsView.swift; sourceTree = "<group>"; };
		4928F3A62B4614B2008B2F94 /* InsertDescriptionView.swift */ = {isa = PBXFileReference; lastKnownFileType = sourcecode.swift; path = InsertDescriptionView.swift; sourceTree = "<group>"; };
		492B54C42B2266DF00041139 /* ListItemViewViewModel.swift */ = {isa = PBXFileReference; lastKnownFileType = sourcecode.swift; path = ListItemViewViewModel.swift; sourceTree = "<group>"; };
		492E29782B1D4BE600021383 /* HeaderView.swift */ = {isa = PBXFileReference; lastKnownFileType = sourcecode.swift; path = HeaderView.swift; sourceTree = "<group>"; };
		492E297A2B1D522900021383 /* ButtonFormView.swift */ = {isa = PBXFileReference; lastKnownFileType = sourcecode.swift; path = ButtonFormView.swift; sourceTree = "<group>"; };
		4941EF002B5DE8B9000A759D /* WidgetExtension.appex */ = {isa = PBXFileReference; explicitFileType = "wrapper.app-extension"; includeInIndex = 0; path = WidgetExtension.appex; sourceTree = BUILT_PRODUCTS_DIR; };
		4941EF022B5DE8B9000A759D /* WidgetKit.framework */ = {isa = PBXFileReference; lastKnownFileType = wrapper.framework; name = WidgetKit.framework; path = System/Library/Frameworks/WidgetKit.framework; sourceTree = SDKROOT; };
		4941EF042B5DE8BA000A759D /* SwiftUI.framework */ = {isa = PBXFileReference; lastKnownFileType = wrapper.framework; name = SwiftUI.framework; path = System/Library/Frameworks/SwiftUI.framework; sourceTree = SDKROOT; };
		4941EF072B5DE8BA000A759D /* WidgetBundle.swift */ = {isa = PBXFileReference; lastKnownFileType = sourcecode.swift; path = WidgetBundle.swift; sourceTree = "<group>"; };
		4941EF092B5DE8BA000A759D /* ToDoItemsWidget.swift */ = {isa = PBXFileReference; lastKnownFileType = sourcecode.swift; path = ToDoItemsWidget.swift; sourceTree = "<group>"; };
		4941EF0B2B5DE8BF000A759D /* Assets.xcassets */ = {isa = PBXFileReference; lastKnownFileType = folder.assetcatalog; path = Assets.xcassets; sourceTree = "<group>"; };
		4941EF0D2B5DE8BF000A759D /* Info.plist */ = {isa = PBXFileReference; lastKnownFileType = text.plist.xml; path = Info.plist; sourceTree = "<group>"; };
		4941EF152B5DE8E8000A759D /* WidgetExtension.entitlements */ = {isa = PBXFileReference; lastKnownFileType = text.plist.entitlements; path = WidgetExtension.entitlements; sourceTree = "<group>"; };
		4941EF162B5DE8F4000A759D /* ToDoList.entitlements */ = {isa = PBXFileReference; lastKnownFileType = text.plist.entitlements; path = ToDoList.entitlements; sourceTree = "<group>"; };
		4941EF172B5DE999000A759D /* WidgetType.swift */ = {isa = PBXFileReference; lastKnownFileType = sourcecode.swift; path = WidgetType.swift; sourceTree = "<group>"; };
		4941EF1A2B5DE9E9000A759D /* Shared.swift */ = {isa = PBXFileReference; lastKnownFileType = sourcecode.swift; path = Shared.swift; sourceTree = "<group>"; };
		4952FE482B3D009800B52C65 /* Launch Screen.storyboard */ = {isa = PBXFileReference; lastKnownFileType = file.storyboard; path = "Launch Screen.storyboard"; sourceTree = "<group>"; };
		496E1BC92B2D10D30036AC23 /* ProfileImageView.swift */ = {isa = PBXFileReference; lastKnownFileType = sourcecode.swift; path = ProfileImageView.swift; sourceTree = "<group>"; };
		496F0FFF2B331957005CCA4B /* StartView.swift */ = {isa = PBXFileReference; lastKnownFileType = sourcecode.swift; path = StartView.swift; sourceTree = "<group>"; };
		4970661E2B462C4200C16D88 /* CategoryTask.swift */ = {isa = PBXFileReference; lastKnownFileType = sourcecode.swift; path = CategoryTask.swift; sourceTree = "<group>"; };
		497738DD2B7AC85200789847 /* CustomPickerView.swift */ = {isa = PBXFileReference; lastKnownFileType = sourcecode.swift; path = CustomPickerView.swift; sourceTree = "<group>"; };
		498697752B8936A200C4A3DD /* EventItem.swift */ = {isa = PBXFileReference; lastKnownFileType = sourcecode.swift; path = EventItem.swift; sourceTree = "<group>"; };
		499074D72B87D2E9008C2783 /* CalendarViewViewModel.swift */ = {isa = PBXFileReference; lastKnownFileType = sourcecode.swift; path = CalendarViewViewModel.swift; sourceTree = "<group>"; };
		499074D92B87D32D008C2783 /* CustomCalendarView.swift */ = {isa = PBXFileReference; lastKnownFileType = sourcecode.swift; path = CustomCalendarView.swift; sourceTree = "<group>"; };
		499531122B52083700547910 /* NotificationView.swift */ = {isa = PBXFileReference; lastKnownFileType = sourcecode.swift; path = NotificationView.swift; sourceTree = "<group>"; };
		4998F35C2B8BFCE70082B60F /* EventViewViewModel.swift */ = {isa = PBXFileReference; lastKnownFileType = sourcecode.swift; path = EventViewViewModel.swift; sourceTree = "<group>"; };
		499A0F682B83F60400527A4C /* BannerView.swift */ = {isa = PBXFileReference; lastKnownFileType = sourcecode.swift; path = BannerView.swift; sourceTree = "<group>"; };
		499E1DDF2B46FA5200A7EF9A /* Routes.swift */ = {isa = PBXFileReference; lastKnownFileType = sourcecode.swift; path = Routes.swift; sourceTree = "<group>"; };
		49B19B9D2B4F4E490063C755 /* HapticTrigger.swift */ = {isa = PBXFileReference; lastKnownFileType = sourcecode.swift; path = HapticTrigger.swift; sourceTree = "<group>"; };
		49B584F12B5211B200F3D004 /* Notification.swift */ = {isa = PBXFileReference; lastKnownFileType = sourcecode.swift; path = Notification.swift; sourceTree = "<group>"; };
		49B584F32B5213D300F3D004 /* NotificationViewViewModel.swift */ = {isa = PBXFileReference; lastKnownFileType = sourcecode.swift; path = NotificationViewViewModel.swift; sourceTree = "<group>"; };
		49B584F52B52178800F3D004 /* RequestNewItemView.swift */ = {isa = PBXFileReference; lastKnownFileType = sourcecode.swift; path = RequestNewItemView.swift; sourceTree = "<group>"; };
		49B862BD2B1BC45200FED137 /* ToDoList.app */ = {isa = PBXFileReference; explicitFileType = wrapper.application; includeInIndex = 0; path = ToDoList.app; sourceTree = BUILT_PRODUCTS_DIR; };
		49B862C02B1BC45200FED137 /* ToDoListApp.swift */ = {isa = PBXFileReference; lastKnownFileType = sourcecode.swift; path = ToDoListApp.swift; sourceTree = "<group>"; };
		49B862C22B1BC45200FED137 /* MainView.swift */ = {isa = PBXFileReference; lastKnownFileType = sourcecode.swift; path = MainView.swift; sourceTree = "<group>"; };
		49B862C42B1BC45500FED137 /* Assets.xcassets */ = {isa = PBXFileReference; lastKnownFileType = folder.assetcatalog; path = Assets.xcassets; sourceTree = "<group>"; };
		49B862C72B1BC45500FED137 /* Preview Assets.xcassets */ = {isa = PBXFileReference; lastKnownFileType = folder.assetcatalog; path = "Preview Assets.xcassets"; sourceTree = "<group>"; };
		49B90D7A2B8A19260019F438 /* EventInfoView.swift */ = {isa = PBXFileReference; lastKnownFileType = sourcecode.swift; path = EventInfoView.swift; sourceTree = "<group>"; };
		49B90D7C2B8A23070019F438 /* EventInfoCardView.swift */ = {isa = PBXFileReference; lastKnownFileType = sourcecode.swift; path = EventInfoCardView.swift; sourceTree = "<group>"; };
		49C5EA1A2B9F022900D9E170 /* ContactInfoView.swift */ = {isa = PBXFileReference; lastKnownFileType = sourcecode.swift; path = ContactInfoView.swift; sourceTree = "<group>"; };
		49C61BC52B436B3D00F1999C /* ProgressBarView.swift */ = {isa = PBXFileReference; lastKnownFileType = sourcecode.swift; path = ProgressBarView.swift; sourceTree = "<group>"; };
		49C61BC72B43852300F1999C /* TimerView.swift */ = {isa = PBXFileReference; lastKnownFileType = sourcecode.swift; path = TimerView.swift; sourceTree = "<group>"; };
		49C61BC92B4385C300F1999C /* TimerArc.swift */ = {isa = PBXFileReference; lastKnownFileType = sourcecode.swift; path = TimerArc.swift; sourceTree = "<group>"; };
		49D5307E2B683D6100C9206E /* UserContact.swift */ = {isa = PBXFileReference; lastKnownFileType = sourcecode.swift; path = UserContact.swift; sourceTree = "<group>"; };
		49D5CE552B291824009CF312 /* ToDoListItemView.swift */ = {isa = PBXFileReference; lastKnownFileType = sourcecode.swift; path = ToDoListItemView.swift; sourceTree = "<group>"; };
		49DB4B9A2B49866300811C93 /* InfoToDoItem.swift */ = {isa = PBXFileReference; lastKnownFileType = sourcecode.swift; path = InfoToDoItem.swift; sourceTree = "<group>"; };
		49DDA17F2B44BF7B009218C4 /* Theme.swift */ = {isa = PBXFileReference; lastKnownFileType = sourcecode.swift; path = Theme.swift; sourceTree = "<group>"; };
		49E11F912B1FC989009E72E8 /* Extensions.swift */ = {isa = PBXFileReference; lastKnownFileType = sourcecode.swift; path = Extensions.swift; sourceTree = "<group>"; };
		49E946872B50848700148273 /* SharedToDoListView.swift */ = {isa = PBXFileReference; lastKnownFileType = sourcecode.swift; path = SharedToDoListView.swift; sourceTree = "<group>"; };
		49F0D3712B5566BA0053206A /* ContactsView.swift */ = {isa = PBXFileReference; lastKnownFileType = sourcecode.swift; path = ContactsView.swift; sourceTree = "<group>"; };
		49F0D3732B5567860053206A /* ContactsViewViewModel.swift */ = {isa = PBXFileReference; lastKnownFileType = sourcecode.swift; path = ContactsViewViewModel.swift; sourceTree = "<group>"; };
		49F0D3752B5569F30053206A /* ContactItemView.swift */ = {isa = PBXFileReference; lastKnownFileType = sourcecode.swift; path = ContactItemView.swift; sourceTree = "<group>"; };
		49F363B62B8F5836009E5E89 /* ToDoItemViewViewModel.swift */ = {isa = PBXFileReference; lastKnownFileType = sourcecode.swift; path = ToDoItemViewViewModel.swift; sourceTree = "<group>"; };
		49F363B82B8F5844009E5E89 /* EventItemViewViewModel.swift */ = {isa = PBXFileReference; lastKnownFileType = sourcecode.swift; path = EventItemViewViewModel.swift; sourceTree = "<group>"; };
		49F4CE532B8D124C009F9895 /* EditEventItemView.swift */ = {isa = PBXFileReference; lastKnownFileType = sourcecode.swift; path = EditEventItemView.swift; sourceTree = "<group>"; };
		49F55D502BA0FBB70095869D /* FriendRequestView.swift */ = {isa = PBXFileReference; lastKnownFileType = sourcecode.swift; path = FriendRequestView.swift; sourceTree = "<group>"; };
		49FE57202B1CB85400E4A0E2 /* GoogleService-Info.plist */ = {isa = PBXFileReference; fileEncoding = 4; lastKnownFileType = text.plist.xml; path = "GoogleService-Info.plist"; sourceTree = "<group>"; };
		49FE57262B1CD99000E4A0E2 /* ProfileView.swift */ = {isa = PBXFileReference; lastKnownFileType = sourcecode.swift; path = ProfileView.swift; sourceTree = "<group>"; };
		49FE572C2B1CDA3700E4A0E2 /* NewItemView.swift */ = {isa = PBXFileReference; lastKnownFileType = sourcecode.swift; path = NewItemView.swift; sourceTree = "<group>"; };
		49FE572E2B1CDA5100E4A0E2 /* LoginView.swift */ = {isa = PBXFileReference; lastKnownFileType = sourcecode.swift; path = LoginView.swift; sourceTree = "<group>"; };
		49FE57302B1CDA7800E4A0E2 /* RegisterView.swift */ = {isa = PBXFileReference; lastKnownFileType = sourcecode.swift; path = RegisterView.swift; sourceTree = "<group>"; };
		49FE57322B1CDA9D00E4A0E2 /* ToDoListView.swift */ = {isa = PBXFileReference; lastKnownFileType = sourcecode.swift; path = ToDoListView.swift; sourceTree = "<group>"; };
		49FE57342B1CDADC00E4A0E2 /* User.swift */ = {isa = PBXFileReference; lastKnownFileType = sourcecode.swift; path = User.swift; sourceTree = "<group>"; };
		49FE57362B1CDAEF00E4A0E2 /* ToDoListItem.swift */ = {isa = PBXFileReference; lastKnownFileType = sourcecode.swift; path = ToDoListItem.swift; sourceTree = "<group>"; };
		49FE57382B1CDB3C00E4A0E2 /* MainViewViewModel.swift */ = {isa = PBXFileReference; lastKnownFileType = sourcecode.swift; path = MainViewViewModel.swift; sourceTree = "<group>"; };
		49FE573A2B1CDB6100E4A0E2 /* ProfileViewViewModel.swift */ = {isa = PBXFileReference; lastKnownFileType = sourcecode.swift; path = ProfileViewViewModel.swift; sourceTree = "<group>"; };
		49FE573C2B1CDBAE00E4A0E2 /* ToDoListViewViewModel.swift */ = {isa = PBXFileReference; lastKnownFileType = sourcecode.swift; path = ToDoListViewViewModel.swift; sourceTree = "<group>"; };
		49FE573E2B1CDBB900E4A0E2 /* NewItemViewViewModel.swift */ = {isa = PBXFileReference; lastKnownFileType = sourcecode.swift; path = NewItemViewViewModel.swift; sourceTree = "<group>"; };
		49FE57422B1CDBD800E4A0E2 /* LoginViewViewModel.swift */ = {isa = PBXFileReference; lastKnownFileType = sourcecode.swift; path = LoginViewViewModel.swift; sourceTree = "<group>"; };
		49FE57452B1CDBED00E4A0E2 /* RegisterViewViewModel.swift */ = {isa = PBXFileReference; lastKnownFileType = sourcecode.swift; path = RegisterViewViewModel.swift; sourceTree = "<group>"; };
/* End PBXFileReference section */

/* Begin PBXFrameworksBuildPhase section */
		4941EEFD2B5DE8B9000A759D /* Frameworks */ = {
			isa = PBXFrameworksBuildPhase;
			buildActionMask = 2147483647;
			files = (
				4941EF052B5DE8BA000A759D /* SwiftUI.framework in Frameworks */,
				4991E15A2B5F440200D6ED63 /* FirebaseFirestore in Frameworks */,
				4991E1582B5F440200D6ED63 /* FirebaseAuth in Frameworks */,
				4941EF032B5DE8BA000A759D /* WidgetKit.framework in Frameworks */,
			);
			runOnlyForDeploymentPostprocessing = 0;
		};
		49B862BA2B1BC45200FED137 /* Frameworks */ = {
			isa = PBXFrameworksBuildPhase;
			buildActionMask = 2147483647;
			files = (
				49FE571B2B1CB65500E4A0E2 /* FirebaseAuth in Frameworks */,
				49FE571D2B1CB65500E4A0E2 /* FirebaseFirestore in Frameworks */,
				49FE571F2B1CB65500E4A0E2 /* FirebaseFirestoreSwift in Frameworks */,
			);
			runOnlyForDeploymentPostprocessing = 0;
		};
/* End PBXFrameworksBuildPhase section */

/* Begin PBXGroup section */
		49068BDE2B9B64970034F2A8 /* Notifications */ = {
			isa = PBXGroup;
			children = (
				49B584F12B5211B200F3D004 /* Notification.swift */,
				49068BDA2B9B64690034F2A8 /* TaskNotification.swift */,
				49068BDC2B9B64840034F2A8 /* FriendRequestNotification.swift */,
			);
			path = Notifications;
			sourceTree = "<group>";
		};
		491EB63B2B6DAF4300ABF3B3 /* Buttons */ = {
			isa = PBXGroup;
			children = (
				492E297A2B1D522900021383 /* ButtonFormView.swift */,
				499A0F682B83F60400527A4C /* BannerView.swift */,
			);
			path = Buttons;
			sourceTree = "<group>";
		};
		491EB63C2B6DB01500ABF3B3 /* Settings */ = {
			isa = PBXGroup;
			children = (
				4928F3A22B460B21008B2F94 /* SettingsView.swift */,
				491EB63D2B6DB04300ABF3B3 /* EditPrivateInfoView.swift */,
			);
			path = Settings;
			sourceTree = "<group>";
		};
		4941EF012B5DE8B9000A759D /* Frameworks */ = {
			isa = PBXGroup;
			children = (
				4941EF022B5DE8B9000A759D /* WidgetKit.framework */,
				4941EF042B5DE8BA000A759D /* SwiftUI.framework */,
			);
			name = Frameworks;
			sourceTree = "<group>";
		};
		4941EF062B5DE8BA000A759D /* Widget */ = {
			isa = PBXGroup;
			children = (
				4941EF072B5DE8BA000A759D /* WidgetBundle.swift */,
				4941EF092B5DE8BA000A759D /* ToDoItemsWidget.swift */,
				4941EF1A2B5DE9E9000A759D /* Shared.swift */,
				4941EF172B5DE999000A759D /* WidgetType.swift */,
				4941EF0B2B5DE8BF000A759D /* Assets.xcassets */,
				4941EF0D2B5DE8BF000A759D /* Info.plist */,
			);
			path = Widget;
			sourceTree = "<group>";
		};
		499074D62B87D2A8008C2783 /* Calendar */ = {
			isa = PBXGroup;
			children = (
				499074D92B87D32D008C2783 /* CustomCalendarView.swift */,
			);
			path = Calendar;
			sourceTree = "<group>";
		};
		499531142B5208CD00547910 /* Requests */ = {
			isa = PBXGroup;
			children = (
				499531122B52083700547910 /* NotificationView.swift */,
				49B584F52B52178800F3D004 /* RequestNewItemView.swift */,
				49F55D502BA0FBB70095869D /* FriendRequestView.swift */,
			);
			path = Requests;
			sourceTree = "<group>";
		};
		499531152B5208FF00547910 /* Profile */ = {
			isa = PBXGroup;
			children = (
				496E1BC92B2D10D30036AC23 /* ProfileImageView.swift */,
			);
			path = Profile;
			sourceTree = "<group>";
		};
		499531162B52091B00547910 /* Task */ = {
			isa = PBXGroup;
			children = (
				49FE572C2B1CDA3700E4A0E2 /* NewItemView.swift */,
				491839172B7EB2E00054A802 /* EditItemTaskView.swift */,
				49D5CE552B291824009CF312 /* ToDoListItemView.swift */,
				49B90D7E2B8A23110019F438 /* Event */,
				49C61BC52B436B3D00F1999C /* ProgressBarView.swift */,
				4928F3A62B4614B2008B2F94 /* InsertDescriptionView.swift */,
				497738DD2B7AC85200789847 /* CustomPickerView.swift */,
			);
			path = Task;
			sourceTree = "<group>";
		};
		49B862B42B1BC45200FED137 = {
			isa = PBXGroup;
			children = (
				49B862BF2B1BC45200FED137 /* ToDoList */,
				4941EF062B5DE8BA000A759D /* Widget */,
				4941EF012B5DE8B9000A759D /* Frameworks */,
				49B862BE2B1BC45200FED137 /* Products */,
			);
			sourceTree = "<group>";
		};
		49B862BE2B1BC45200FED137 /* Products */ = {
			isa = PBXGroup;
			children = (
				49B862BD2B1BC45200FED137 /* ToDoList.app */,
				4941EF002B5DE8B9000A759D /* WidgetExtension.appex */,
			);
			name = Products;
			sourceTree = "<group>";
		};
		49B862BF2B1BC45200FED137 /* ToDoList */ = {
			isa = PBXGroup;
			children = (
				4941EF152B5DE8E8000A759D /* WidgetExtension.entitlements */,
				4941EF162B5DE8F4000A759D /* ToDoList.entitlements */,
				49FE57252B1CD87300E4A0E2 /* Other */,
				49FE57242B1CD83300E4A0E2 /* Models */,
				49FE57232B1CD82D00E4A0E2 /* ViewModels */,
				49FE57222B1CD81200E4A0E2 /* Views */,
				49B862C62B1BC45500FED137 /* Preview Content */,
			);
			path = ToDoList;
			sourceTree = "<group>";
		};
		49B862C62B1BC45500FED137 /* Preview Content */ = {
			isa = PBXGroup;
			children = (
				49B862C72B1BC45500FED137 /* Preview Assets.xcassets */,
			);
			path = "Preview Content";
			sourceTree = "<group>";
		};
		49B90D7E2B8A23110019F438 /* Event */ = {
			isa = PBXGroup;
			children = (
				49B90D7A2B8A19260019F438 /* EventInfoView.swift */,
				49B90D7C2B8A23070019F438 /* EventInfoCardView.swift */,
				49F4CE532B8D124C009F9895 /* EditEventItemView.swift */,
			);
			path = Event;
			sourceTree = "<group>";
		};
		49C32CA12B1E5F98003B44EA /* MainScreens */ = {
			isa = PBXGroup;
			children = (
				496F0FFF2B331957005CCA4B /* StartView.swift */,
				49FE572E2B1CDA5100E4A0E2 /* LoginView.swift */,
				49FE57302B1CDA7800E4A0E2 /* RegisterView.swift */,
				49FE57322B1CDA9D00E4A0E2 /* ToDoListView.swift */,
				49E946872B50848700148273 /* SharedToDoListView.swift */,
				49F0D3712B5566BA0053206A /* ContactsView.swift */,
				49FE57262B1CD99000E4A0E2 /* ProfileView.swift */,
			);
			path = MainScreens;
			sourceTree = "<group>";
		};
		49C32CA22B1E5FB5003B44EA /* Components */ = {
			isa = PBXGroup;
			children = (
				492E29782B1D4BE600021383 /* HeaderView.swift */,
				491EB63B2B6DAF4300ABF3B3 /* Buttons */,
				499531162B52091B00547910 /* Task */,
				499531152B5208FF00547910 /* Profile */,
				499531142B5208CD00547910 /* Requests */,
				49D5307D2B682D0100C9206E /* Contacts */,
				491EB63C2B6DB01500ABF3B3 /* Settings */,
				499074D62B87D2A8008C2783 /* Calendar */,
				49C61BCB2B43862600F1999C /* Timer */,
			);
			path = Components;
			sourceTree = "<group>";
		};
		49C61BCB2B43862600F1999C /* Timer */ = {
			isa = PBXGroup;
			children = (
				4916EA932B403CA90031B40C /* PomodoroTimerView.swift */,
				49C61BC72B43852300F1999C /* TimerView.swift */,
				49C61BC92B4385C300F1999C /* TimerArc.swift */,
			);
			path = Timer;
			sourceTree = "<group>";
		};
		49D5307D2B682D0100C9206E /* Contacts */ = {
			isa = PBXGroup;
			children = (
				49F0D3752B5569F30053206A /* ContactItemView.swift */,
				49C5EA1A2B9F022900D9E170 /* ContactInfoView.swift */,
			);
			path = Contacts;
			sourceTree = "<group>";
		};
		49DDA1812B44C2B6009218C4 /* Enums */ = {
			isa = PBXGroup;
			children = (
				49DDA17F2B44BF7B009218C4 /* Theme.swift */,
				4970661E2B462C4200C16D88 /* CategoryTask.swift */,
				499E1DDF2B46FA5200A7EF9A /* Routes.swift */,
				491EB63F2B6DB2AF00ABF3B3 /* UserTheme.swift */,
			);
			path = Enums;
			sourceTree = "<group>";
		};
		49F363B52B8F581B009E5E89 /* Items */ = {
			isa = PBXGroup;
			children = (
				49F363B62B8F5836009E5E89 /* ToDoItemViewViewModel.swift */,
				49F363B82B8F5844009E5E89 /* EventItemViewViewModel.swift */,
			);
			path = Items;
			sourceTree = "<group>";
		};
		49FE57222B1CD81200E4A0E2 /* Views */ = {
			isa = PBXGroup;
			children = (
				49B862C22B1BC45200FED137 /* MainView.swift */,
				490F02AA2B8782A800B3180D /* TabBarView.swift */,
				49C32CA12B1E5F98003B44EA /* MainScreens */,
				49C32CA22B1E5FB5003B44EA /* Components */,
			);
			path = Views;
			sourceTree = "<group>";
		};
		49FE57232B1CD82D00E4A0E2 /* ViewModels */ = {
			isa = PBXGroup;
			children = (
				49FE57382B1CDB3C00E4A0E2 /* MainViewViewModel.swift */,
				49FE573A2B1CDB6100E4A0E2 /* ProfileViewViewModel.swift */,
				49B584F32B5213D300F3D004 /* NotificationViewViewModel.swift */,
				49FE573C2B1CDBAE00E4A0E2 /* ToDoListViewViewModel.swift */,
				4998F35C2B8BFCE70082B60F /* EventViewViewModel.swift */,
				49F363B52B8F581B009E5E89 /* Items */,
				492B54C42B2266DF00041139 /* ListItemViewViewModel.swift */,
				49FE573E2B1CDBB900E4A0E2 /* NewItemViewViewModel.swift */,
				49FE57422B1CDBD800E4A0E2 /* LoginViewViewModel.swift */,
				49FE57452B1CDBED00E4A0E2 /* RegisterViewViewModel.swift */,
				49F0D3732B5567860053206A /* ContactsViewViewModel.swift */,
				499074D72B87D2E9008C2783 /* CalendarViewViewModel.swift */,
			);
			path = ViewModels;
			sourceTree = "<group>";
		};
		49FE57242B1CD83300E4A0E2 /* Models */ = {
			isa = PBXGroup;
			children = (
				49FE57342B1CDADC00E4A0E2 /* User.swift */,
				49D5307E2B683D6100C9206E /* UserContact.swift */,
				49FE57362B1CDAEF00E4A0E2 /* ToDoListItem.swift */,
				498697752B8936A200C4A3DD /* EventItem.swift */,
				49DB4B9A2B49866300811C93 /* InfoToDoItem.swift */,
				49068BDE2B9B64970034F2A8 /* Notifications */,
				49DDA1812B44C2B6009218C4 /* Enums */,
			);
			path = Models;
			sourceTree = "<group>";
		};
		49FE57252B1CD87300E4A0E2 /* Other */ = {
			isa = PBXGroup;
			children = (
				49B862C42B1BC45500FED137 /* Assets.xcassets */,
				49FE57202B1CB85400E4A0E2 /* GoogleService-Info.plist */,
				49B862C02B1BC45200FED137 /* ToDoListApp.swift */,
				49B19B9D2B4F4E490063C755 /* HapticTrigger.swift */,
				49E11F912B1FC989009E72E8 /* Extensions.swift */,
				4952FE482B3D009800B52C65 /* Launch Screen.storyboard */,
			);
			path = Other;
			sourceTree = "<group>";
		};
/* End PBXGroup section */

/* Begin PBXNativeTarget section */
		4941EEFF2B5DE8B9000A759D /* WidgetExtension */ = {
			isa = PBXNativeTarget;
			buildConfigurationList = 4941EF142B5DE8BF000A759D /* Build configuration list for PBXNativeTarget "WidgetExtension" */;
			buildPhases = (
				4941EEFC2B5DE8B9000A759D /* Sources */,
				4941EEFD2B5DE8B9000A759D /* Frameworks */,
				4941EEFE2B5DE8B9000A759D /* Resources */,
			);
			buildRules = (
			);
			dependencies = (
			);
			name = WidgetExtension;
			packageProductDependencies = (
				4991E1572B5F440200D6ED63 /* FirebaseAuth */,
				4991E1592B5F440200D6ED63 /* FirebaseFirestore */,
			);
			productName = WidgetExtension;
			productReference = 4941EF002B5DE8B9000A759D /* WidgetExtension.appex */;
			productType = "com.apple.product-type.app-extension";
		};
		49B862BC2B1BC45200FED137 /* ToDoList */ = {
			isa = PBXNativeTarget;
			buildConfigurationList = 49B862CB2B1BC45500FED137 /* Build configuration list for PBXNativeTarget "ToDoList" */;
			buildPhases = (
				49B862B92B1BC45200FED137 /* Sources */,
				49B862BA2B1BC45200FED137 /* Frameworks */,
				49B862BB2B1BC45200FED137 /* Resources */,
				4941EF112B5DE8BF000A759D /* Embed Foundation Extensions */,
			);
			buildRules = (
			);
			dependencies = (
				4941EF0F2B5DE8BF000A759D /* PBXTargetDependency */,
			);
			name = ToDoList;
			packageProductDependencies = (
				49FE571A2B1CB65500E4A0E2 /* FirebaseAuth */,
				49FE571C2B1CB65500E4A0E2 /* FirebaseFirestore */,
				49FE571E2B1CB65500E4A0E2 /* FirebaseFirestoreSwift */,
			);
			productName = ToDoList;
			productReference = 49B862BD2B1BC45200FED137 /* ToDoList.app */;
			productType = "com.apple.product-type.application";
		};
/* End PBXNativeTarget section */

/* Begin PBXProject section */
		49B862B52B1BC45200FED137 /* Project object */ = {
			isa = PBXProject;
			attributes = {
				BuildIndependentTargetsInParallel = 1;
				LastSwiftUpdateCheck = 1510;
				LastUpgradeCheck = 1430;
				TargetAttributes = {
					4941EEFF2B5DE8B9000A759D = {
						CreatedOnToolsVersion = 15.1;
					};
					49B862BC2B1BC45200FED137 = {
						CreatedOnToolsVersion = 14.3.1;
					};
				};
			};
			buildConfigurationList = 49B862B82B1BC45200FED137 /* Build configuration list for PBXProject "ToDoList" */;
			compatibilityVersion = "Xcode 14.0";
			developmentRegion = en;
			hasScannedForEncodings = 0;
			knownRegions = (
				en,
				Base,
			);
			mainGroup = 49B862B42B1BC45200FED137;
			packageReferences = (
				49FE57192B1CB65500E4A0E2 /* XCRemoteSwiftPackageReference "firebase-ios-sdk" */,
			);
			productRefGroup = 49B862BE2B1BC45200FED137 /* Products */;
			projectDirPath = "";
			projectRoot = "";
			targets = (
				49B862BC2B1BC45200FED137 /* ToDoList */,
				4941EEFF2B5DE8B9000A759D /* WidgetExtension */,
			);
		};
/* End PBXProject section */

/* Begin PBXResourcesBuildPhase section */
		4941EEFE2B5DE8B9000A759D /* Resources */ = {
			isa = PBXResourcesBuildPhase;
			buildActionMask = 2147483647;
			files = (
				4941EF0C2B5DE8BF000A759D /* Assets.xcassets in Resources */,
				4991E1562B5F41EE00D6ED63 /* GoogleService-Info.plist in Resources */,
			);
			runOnlyForDeploymentPostprocessing = 0;
		};
		49B862BB2B1BC45200FED137 /* Resources */ = {
			isa = PBXResourcesBuildPhase;
			buildActionMask = 2147483647;
			files = (
				49B862C82B1BC45500FED137 /* Preview Assets.xcassets in Resources */,
				49B862C52B1BC45500FED137 /* Assets.xcassets in Resources */,
				4952FE492B3D009800B52C65 /* Launch Screen.storyboard in Resources */,
				49FE57212B1CB85400E4A0E2 /* GoogleService-Info.plist in Resources */,
			);
			runOnlyForDeploymentPostprocessing = 0;
		};
/* End PBXResourcesBuildPhase section */

/* Begin PBXSourcesBuildPhase section */
		4941EEFC2B5DE8B9000A759D /* Sources */ = {
			isa = PBXSourcesBuildPhase;
			buildActionMask = 2147483647;
			files = (
				4941EF082B5DE8BA000A759D /* WidgetBundle.swift in Sources */,
				492A37EE2B632AE900702B5B /* LoginViewViewModel.swift in Sources */,
				492A37F12B632FAB00702B5B /* MainViewViewModel.swift in Sources */,
				4941EF0A2B5DE8BA000A759D /* ToDoItemsWidget.swift in Sources */,
				4991E1622B5F5CA700D6ED63 /* Theme.swift in Sources */,
				4941EF1C2B5DE9E9000A759D /* Shared.swift in Sources */,
				4941EF192B5DE999000A759D /* WidgetType.swift in Sources */,
			);
			runOnlyForDeploymentPostprocessing = 0;
		};
		49B862B92B1BC45200FED137 /* Sources */ = {
			isa = PBXSourcesBuildPhase;
			buildActionMask = 2147483647;
			files = (
				4970661F2B462C4200C16D88 /* CategoryTask.swift in Sources */,
				49068BDB2B9B64690034F2A8 /* TaskNotification.swift in Sources */,
				49C61BCA2B4385C300F1999C /* TimerArc.swift in Sources */,
				490F02AB2B8782A800B3180D /* TabBarView.swift in Sources */,
				49FE572D2B1CDA3700E4A0E2 /* NewItemView.swift in Sources */,
				492E29792B1D4BE600021383 /* HeaderView.swift in Sources */,
				49B584F62B52178800F3D004 /* RequestNewItemView.swift in Sources */,
				49E946882B50848700148273 /* SharedToDoListView.swift in Sources */,
				49B90D7B2B8A19260019F438 /* EventInfoView.swift in Sources */,
				499074D82B87D2E9008C2783 /* CalendarViewViewModel.swift in Sources */,
				49FE572F2B1CDA5100E4A0E2 /* LoginView.swift in Sources */,
				496F10002B331957005CCA4B /* StartView.swift in Sources */,
				49B90D7D2B8A23070019F438 /* EventInfoCardView.swift in Sources */,
				49B19B9E2B4F4E490063C755 /* HapticTrigger.swift in Sources */,
				49FE57462B1CDBED00E4A0E2 /* RegisterViewViewModel.swift in Sources */,
				49FE57392B1CDB3C00E4A0E2 /* MainViewViewModel.swift in Sources */,
				49F0D3742B5567860053206A /* ContactsViewViewModel.swift in Sources */,
				4941EF182B5DE999000A759D /* WidgetType.swift in Sources */,
				49FE57432B1CDBD800E4A0E2 /* LoginViewViewModel.swift in Sources */,
				499074DA2B87D32D008C2783 /* CustomCalendarView.swift in Sources */,
				49FE57332B1CDA9D00E4A0E2 /* ToDoListView.swift in Sources */,
				49D5307F2B683D6100C9206E /* UserContact.swift in Sources */,
				4928F3A72B4614B2008B2F94 /* InsertDescriptionView.swift in Sources */,
				49C61BC82B43852300F1999C /* TimerView.swift in Sources */,
				49FE573B2B1CDB6100E4A0E2 /* ProfileViewViewModel.swift in Sources */,
				499531132B52083700547910 /* NotificationView.swift in Sources */,
				49D5CE562B291824009CF312 /* ToDoListItemView.swift in Sources */,
				491EB6402B6DB2AF00ABF3B3 /* UserTheme.swift in Sources */,
				49C61BC62B436B3D00F1999C /* ProgressBarView.swift in Sources */,
				49F0D3762B5569F30053206A /* ContactItemView.swift in Sources */,
				49F55D512BA0FBB70095869D /* FriendRequestView.swift in Sources */,
				49DB4B9B2B49866300811C93 /* InfoToDoItem.swift in Sources */,
				491839182B7EB2E00054A802 /* EditItemTaskView.swift in Sources */,
				491EB63E2B6DB04300ABF3B3 /* EditPrivateInfoView.swift in Sources */,
				4928F3A32B460B21008B2F94 /* SettingsView.swift in Sources */,
				49C5EA1B2B9F022900D9E170 /* ContactInfoView.swift in Sources */,
				4941EF1B2B5DE9E9000A759D /* Shared.swift in Sources */,
				49B862C32B1BC45200FED137 /* MainView.swift in Sources */,
				4916EA942B403CA90031B40C /* PomodoroTimerView.swift in Sources */,
				499A0F692B83F60400527A4C /* BannerView.swift in Sources */,
				49F363B92B8F5844009E5E89 /* EventItemViewViewModel.swift in Sources */,
				49B584F42B5213D300F3D004 /* NotificationViewViewModel.swift in Sources */,
				49F4CE542B8D124C009F9895 /* EditEventItemView.swift in Sources */,
				49FE57352B1CDADC00E4A0E2 /* User.swift in Sources */,
				499E1DE02B46FA5200A7EF9A /* Routes.swift in Sources */,
				492B54C52B2266DF00041139 /* ListItemViewViewModel.swift in Sources */,
				49F0D3722B5566BA0053206A /* ContactsView.swift in Sources */,
				49FE57272B1CD99000E4A0E2 /* ProfileView.swift in Sources */,
				49FE573D2B1CDBAE00E4A0E2 /* ToDoListViewViewModel.swift in Sources */,
				49F363B72B8F5836009E5E89 /* ToDoItemViewViewModel.swift in Sources */,
				496E1BCA2B2D10D30036AC23 /* ProfileImageView.swift in Sources */,
				49B584F22B5211B200F3D004 /* Notification.swift in Sources */,
				497738DE2B7AC85200789847 /* CustomPickerView.swift in Sources */,
				49FE57312B1CDA7800E4A0E2 /* RegisterView.swift in Sources */,
				49E11F922B1FC989009E72E8 /* Extensions.swift in Sources */,
				4998F35D2B8BFCE70082B60F /* EventViewViewModel.swift in Sources */,
				492E297B2B1D522900021383 /* ButtonFormView.swift in Sources */,
				49FE57372B1CDAEF00E4A0E2 /* ToDoListItem.swift in Sources */,
				492A37F02B632CA600702B5B /* ToDoItemsWidget.swift in Sources */,
				49DDA1802B44BF7B009218C4 /* Theme.swift in Sources */,
				49068BDD2B9B64840034F2A8 /* FriendRequestNotification.swift in Sources */,
				49B862C12B1BC45200FED137 /* ToDoListApp.swift in Sources */,
				49FE573F2B1CDBB900E4A0E2 /* NewItemViewViewModel.swift in Sources */,
				498697762B8936A200C4A3DD /* EventItem.swift in Sources */,
			);
			runOnlyForDeploymentPostprocessing = 0;
		};
/* End PBXSourcesBuildPhase section */

/* Begin PBXTargetDependency section */
		4941EF0F2B5DE8BF000A759D /* PBXTargetDependency */ = {
			isa = PBXTargetDependency;
			target = 4941EEFF2B5DE8B9000A759D /* WidgetExtension */;
			targetProxy = 4941EF0E2B5DE8BF000A759D /* PBXContainerItemProxy */;
		};
/* End PBXTargetDependency section */

/* Begin XCBuildConfiguration section */
		4941EF122B5DE8BF000A759D /* Debug */ = {
			isa = XCBuildConfiguration;
			buildSettings = {
				ASSETCATALOG_COMPILER_GENERATE_SWIFT_ASSET_SYMBOL_EXTENSIONS = YES;
				ASSETCATALOG_COMPILER_GLOBAL_ACCENT_COLOR_NAME = AccentColor;
				ASSETCATALOG_COMPILER_WIDGET_BACKGROUND_COLOR_NAME = WidgetBackground;
				CODE_SIGN_ENTITLEMENTS = WidgetExtension.entitlements;
				CODE_SIGN_STYLE = Automatic;
				CURRENT_PROJECT_VERSION = 1;
				DEVELOPMENT_TEAM = WP3NJY6F57;
				ENABLE_USER_SCRIPT_SANDBOXING = YES;
				GCC_C_LANGUAGE_STANDARD = gnu17;
				GENERATE_INFOPLIST_FILE = YES;
				INFOPLIST_FILE = Widget/Info.plist;
				INFOPLIST_KEY_CFBundleDisplayName = Widget;
				INFOPLIST_KEY_NSHumanReadableCopyright = "";
				IPHONEOS_DEPLOYMENT_TARGET = 16.0;
				LD_RUNPATH_SEARCH_PATHS = (
					"$(inherited)",
					"@executable_path/Frameworks",
					"@executable_path/../../Frameworks",
				);
				LOCALIZATION_PREFERS_STRING_CATALOGS = YES;
				MARKETING_VERSION = 1.0;
				PRODUCT_BUNDLE_IDENTIFIER = com.felixvaldez.ToDoList.Widget;
				PRODUCT_NAME = "$(TARGET_NAME)";
				SKIP_INSTALL = YES;
				SWIFT_ACTIVE_COMPILATION_CONDITIONS = "DEBUG $(inherited)";
				SWIFT_EMIT_LOC_STRINGS = YES;
				SWIFT_VERSION = 5.0;
				TARGETED_DEVICE_FAMILY = "1,2";
			};
			name = Debug;
		};
		4941EF132B5DE8BF000A759D /* Release */ = {
			isa = XCBuildConfiguration;
			buildSettings = {
				ASSETCATALOG_COMPILER_GENERATE_SWIFT_ASSET_SYMBOL_EXTENSIONS = YES;
				ASSETCATALOG_COMPILER_GLOBAL_ACCENT_COLOR_NAME = AccentColor;
				ASSETCATALOG_COMPILER_WIDGET_BACKGROUND_COLOR_NAME = WidgetBackground;
				CODE_SIGN_ENTITLEMENTS = WidgetExtension.entitlements;
				CODE_SIGN_STYLE = Automatic;
				CURRENT_PROJECT_VERSION = 1;
				DEVELOPMENT_TEAM = WP3NJY6F57;
				ENABLE_USER_SCRIPT_SANDBOXING = YES;
				GCC_C_LANGUAGE_STANDARD = gnu17;
				GENERATE_INFOPLIST_FILE = YES;
				INFOPLIST_FILE = Widget/Info.plist;
				INFOPLIST_KEY_CFBundleDisplayName = Widget;
				INFOPLIST_KEY_NSHumanReadableCopyright = "";
				IPHONEOS_DEPLOYMENT_TARGET = 16.0;
				LD_RUNPATH_SEARCH_PATHS = (
					"$(inherited)",
					"@executable_path/Frameworks",
					"@executable_path/../../Frameworks",
				);
				LOCALIZATION_PREFERS_STRING_CATALOGS = YES;
				MARKETING_VERSION = 1.0;
				PRODUCT_BUNDLE_IDENTIFIER = com.felixvaldez.ToDoList.Widget;
				PRODUCT_NAME = "$(TARGET_NAME)";
				SKIP_INSTALL = YES;
				SWIFT_EMIT_LOC_STRINGS = YES;
				SWIFT_VERSION = 5.0;
				TARGETED_DEVICE_FAMILY = "1,2";
			};
			name = Release;
		};
		49B862C92B1BC45500FED137 /* Debug */ = {
			isa = XCBuildConfiguration;
			buildSettings = {
				ALWAYS_SEARCH_USER_PATHS = NO;
				CLANG_ANALYZER_NONNULL = YES;
				CLANG_ANALYZER_NUMBER_OBJECT_CONVERSION = YES_AGGRESSIVE;
				CLANG_CXX_LANGUAGE_STANDARD = "gnu++20";
				CLANG_ENABLE_MODULES = YES;
				CLANG_ENABLE_OBJC_ARC = YES;
				CLANG_ENABLE_OBJC_WEAK = YES;
				CLANG_WARN_BLOCK_CAPTURE_AUTORELEASING = YES;
				CLANG_WARN_BOOL_CONVERSION = YES;
				CLANG_WARN_COMMA = YES;
				CLANG_WARN_CONSTANT_CONVERSION = YES;
				CLANG_WARN_DEPRECATED_OBJC_IMPLEMENTATIONS = YES;
				CLANG_WARN_DIRECT_OBJC_ISA_USAGE = YES_ERROR;
				CLANG_WARN_DOCUMENTATION_COMMENTS = YES;
				CLANG_WARN_EMPTY_BODY = YES;
				CLANG_WARN_ENUM_CONVERSION = YES;
				CLANG_WARN_INFINITE_RECURSION = YES;
				CLANG_WARN_INT_CONVERSION = YES;
				CLANG_WARN_NON_LITERAL_NULL_CONVERSION = YES;
				CLANG_WARN_OBJC_IMPLICIT_RETAIN_SELF = YES;
				CLANG_WARN_OBJC_LITERAL_CONVERSION = YES;
				CLANG_WARN_OBJC_ROOT_CLASS = YES_ERROR;
				CLANG_WARN_QUOTED_INCLUDE_IN_FRAMEWORK_HEADER = YES;
				CLANG_WARN_RANGE_LOOP_ANALYSIS = YES;
				CLANG_WARN_STRICT_PROTOTYPES = YES;
				CLANG_WARN_SUSPICIOUS_MOVE = YES;
				CLANG_WARN_UNGUARDED_AVAILABILITY = YES_AGGRESSIVE;
				CLANG_WARN_UNREACHABLE_CODE = YES;
				CLANG_WARN__DUPLICATE_METHOD_MATCH = YES;
				COPY_PHASE_STRIP = NO;
				DEBUG_INFORMATION_FORMAT = dwarf;
				ENABLE_STRICT_OBJC_MSGSEND = YES;
				ENABLE_TESTABILITY = YES;
				GCC_C_LANGUAGE_STANDARD = gnu11;
				GCC_DYNAMIC_NO_PIC = NO;
				GCC_NO_COMMON_BLOCKS = YES;
				GCC_OPTIMIZATION_LEVEL = 0;
				GCC_PREPROCESSOR_DEFINITIONS = (
					"DEBUG=1",
					"$(inherited)",
				);
				GCC_WARN_64_TO_32_BIT_CONVERSION = YES;
				GCC_WARN_ABOUT_RETURN_TYPE = YES_ERROR;
				GCC_WARN_UNDECLARED_SELECTOR = YES;
				GCC_WARN_UNINITIALIZED_AUTOS = YES_AGGRESSIVE;
				GCC_WARN_UNUSED_FUNCTION = YES;
				GCC_WARN_UNUSED_VARIABLE = YES;
				IPHONEOS_DEPLOYMENT_TARGET = 16.4;
				MTL_ENABLE_DEBUG_INFO = INCLUDE_SOURCE;
				MTL_FAST_MATH = YES;
				ONLY_ACTIVE_ARCH = YES;
				SDKROOT = iphoneos;
				SWIFT_ACTIVE_COMPILATION_CONDITIONS = DEBUG;
				SWIFT_OPTIMIZATION_LEVEL = "-Onone";
			};
			name = Debug;
		};
		49B862CA2B1BC45500FED137 /* Release */ = {
			isa = XCBuildConfiguration;
			buildSettings = {
				ALWAYS_SEARCH_USER_PATHS = NO;
				CLANG_ANALYZER_NONNULL = YES;
				CLANG_ANALYZER_NUMBER_OBJECT_CONVERSION = YES_AGGRESSIVE;
				CLANG_CXX_LANGUAGE_STANDARD = "gnu++20";
				CLANG_ENABLE_MODULES = YES;
				CLANG_ENABLE_OBJC_ARC = YES;
				CLANG_ENABLE_OBJC_WEAK = YES;
				CLANG_WARN_BLOCK_CAPTURE_AUTORELEASING = YES;
				CLANG_WARN_BOOL_CONVERSION = YES;
				CLANG_WARN_COMMA = YES;
				CLANG_WARN_CONSTANT_CONVERSION = YES;
				CLANG_WARN_DEPRECATED_OBJC_IMPLEMENTATIONS = YES;
				CLANG_WARN_DIRECT_OBJC_ISA_USAGE = YES_ERROR;
				CLANG_WARN_DOCUMENTATION_COMMENTS = YES;
				CLANG_WARN_EMPTY_BODY = YES;
				CLANG_WARN_ENUM_CONVERSION = YES;
				CLANG_WARN_INFINITE_RECURSION = YES;
				CLANG_WARN_INT_CONVERSION = YES;
				CLANG_WARN_NON_LITERAL_NULL_CONVERSION = YES;
				CLANG_WARN_OBJC_IMPLICIT_RETAIN_SELF = YES;
				CLANG_WARN_OBJC_LITERAL_CONVERSION = YES;
				CLANG_WARN_OBJC_ROOT_CLASS = YES_ERROR;
				CLANG_WARN_QUOTED_INCLUDE_IN_FRAMEWORK_HEADER = YES;
				CLANG_WARN_RANGE_LOOP_ANALYSIS = YES;
				CLANG_WARN_STRICT_PROTOTYPES = YES;
				CLANG_WARN_SUSPICIOUS_MOVE = YES;
				CLANG_WARN_UNGUARDED_AVAILABILITY = YES_AGGRESSIVE;
				CLANG_WARN_UNREACHABLE_CODE = YES;
				CLANG_WARN__DUPLICATE_METHOD_MATCH = YES;
				COPY_PHASE_STRIP = NO;
				DEBUG_INFORMATION_FORMAT = "dwarf-with-dsym";
				ENABLE_NS_ASSERTIONS = NO;
				ENABLE_STRICT_OBJC_MSGSEND = YES;
				GCC_C_LANGUAGE_STANDARD = gnu11;
				GCC_NO_COMMON_BLOCKS = YES;
				GCC_WARN_64_TO_32_BIT_CONVERSION = YES;
				GCC_WARN_ABOUT_RETURN_TYPE = YES_ERROR;
				GCC_WARN_UNDECLARED_SELECTOR = YES;
				GCC_WARN_UNINITIALIZED_AUTOS = YES_AGGRESSIVE;
				GCC_WARN_UNUSED_FUNCTION = YES;
				GCC_WARN_UNUSED_VARIABLE = YES;
				IPHONEOS_DEPLOYMENT_TARGET = 16.4;
				MTL_ENABLE_DEBUG_INFO = NO;
				MTL_FAST_MATH = YES;
				SDKROOT = iphoneos;
				SWIFT_COMPILATION_MODE = wholemodule;
				SWIFT_OPTIMIZATION_LEVEL = "-O";
				VALIDATE_PRODUCT = YES;
			};
			name = Release;
		};
		49B862CC2B1BC45500FED137 /* Debug */ = {
			isa = XCBuildConfiguration;
			buildSettings = {
				ALWAYS_EMBED_SWIFT_STANDARD_LIBRARIES = YES;
				ASSETCATALOG_COMPILER_APPICON_NAME = AppIcon;
				ASSETCATALOG_COMPILER_GLOBAL_ACCENT_COLOR_NAME = AccentColor;
				CODE_SIGN_ENTITLEMENTS = ToDoList/ToDoList.entitlements;
				CODE_SIGN_STYLE = Automatic;
				CURRENT_PROJECT_VERSION = 1;
				DEVELOPMENT_ASSET_PATHS = "\"ToDoList/Preview Content\"";
				DEVELOPMENT_TEAM = WP3NJY6F57;
				ENABLE_PREVIEWS = YES;
				GENERATE_INFOPLIST_FILE = YES;
				INFOPLIST_KEY_CFBundleDisplayName = TooDoo;
				INFOPLIST_KEY_UIApplicationSceneManifest_Generation = YES;
				INFOPLIST_KEY_UIApplicationSupportsIndirectInputEvents = YES;
				INFOPLIST_KEY_UILaunchScreen_Generation = YES;
				INFOPLIST_KEY_UILaunchStoryboardName = "Launch Screen.storyboard";
				INFOPLIST_KEY_UISupportedInterfaceOrientations = UIInterfaceOrientationPortrait;
				IPHONEOS_DEPLOYMENT_TARGET = 16.0;
				LD_RUNPATH_SEARCH_PATHS = (
					"$(inherited)",
					"@executable_path/Frameworks",
				);
				MARKETING_VERSION = 1.0;
				PRODUCT_BUNDLE_IDENTIFIER = com.felixvaldez.ToDoList;
				PRODUCT_NAME = "$(TARGET_NAME)";
				SWIFT_EMIT_LOC_STRINGS = YES;
				SWIFT_VERSION = 5.0;
				TARGETED_DEVICE_FAMILY = "1,2";
			};
			name = Debug;
		};
		49B862CD2B1BC45500FED137 /* Release */ = {
			isa = XCBuildConfiguration;
			buildSettings = {
				ALWAYS_EMBED_SWIFT_STANDARD_LIBRARIES = YES;
				ASSETCATALOG_COMPILER_APPICON_NAME = AppIcon;
				ASSETCATALOG_COMPILER_GLOBAL_ACCENT_COLOR_NAME = AccentColor;
				CODE_SIGN_ENTITLEMENTS = ToDoList/ToDoList.entitlements;
				CODE_SIGN_STYLE = Automatic;
				CURRENT_PROJECT_VERSION = 1;
				DEVELOPMENT_ASSET_PATHS = "\"ToDoList/Preview Content\"";
				DEVELOPMENT_TEAM = WP3NJY6F57;
				ENABLE_PREVIEWS = YES;
				GENERATE_INFOPLIST_FILE = YES;
				INFOPLIST_KEY_CFBundleDisplayName = TooDoo;
				INFOPLIST_KEY_UIApplicationSceneManifest_Generation = YES;
				INFOPLIST_KEY_UIApplicationSupportsIndirectInputEvents = YES;
				INFOPLIST_KEY_UILaunchScreen_Generation = YES;
				INFOPLIST_KEY_UILaunchStoryboardName = "Launch Screen.storyboard";
				INFOPLIST_KEY_UISupportedInterfaceOrientations = UIInterfaceOrientationPortrait;
				IPHONEOS_DEPLOYMENT_TARGET = 16.0;
				LD_RUNPATH_SEARCH_PATHS = (
					"$(inherited)",
					"@executable_path/Frameworks",
				);
				MARKETING_VERSION = 1.0;
				PRODUCT_BUNDLE_IDENTIFIER = com.felixvaldez.ToDoList;
				PRODUCT_NAME = "$(TARGET_NAME)";
				SWIFT_EMIT_LOC_STRINGS = YES;
				SWIFT_VERSION = 5.0;
				TARGETED_DEVICE_FAMILY = "1,2";
			};
			name = Release;
		};
/* End XCBuildConfiguration section */

/* Begin XCConfigurationList section */
		4941EF142B5DE8BF000A759D /* Build configuration list for PBXNativeTarget "WidgetExtension" */ = {
			isa = XCConfigurationList;
			buildConfigurations = (
				4941EF122B5DE8BF000A759D /* Debug */,
				4941EF132B5DE8BF000A759D /* Release */,
			);
			defaultConfigurationIsVisible = 0;
			defaultConfigurationName = Release;
		};
		49B862B82B1BC45200FED137 /* Build configuration list for PBXProject "ToDoList" */ = {
			isa = XCConfigurationList;
			buildConfigurations = (
				49B862C92B1BC45500FED137 /* Debug */,
				49B862CA2B1BC45500FED137 /* Release */,
			);
			defaultConfigurationIsVisible = 0;
			defaultConfigurationName = Release;
		};
		49B862CB2B1BC45500FED137 /* Build configuration list for PBXNativeTarget "ToDoList" */ = {
			isa = XCConfigurationList;
			buildConfigurations = (
				49B862CC2B1BC45500FED137 /* Debug */,
				49B862CD2B1BC45500FED137 /* Release */,
			);
			defaultConfigurationIsVisible = 0;
			defaultConfigurationName = Release;
		};
/* End XCConfigurationList section */

/* Begin XCRemoteSwiftPackageReference section */
		49FE57192B1CB65500E4A0E2 /* XCRemoteSwiftPackageReference "firebase-ios-sdk" */ = {
			isa = XCRemoteSwiftPackageReference;
			repositoryURL = "https://github.com/firebase/firebase-ios-sdk";
			requirement = {
				kind = upToNextMajorVersion;
				minimumVersion = 10.0.0;
			};
		};
/* End XCRemoteSwiftPackageReference section */

/* Begin XCSwiftPackageProductDependency section */
		4991E1572B5F440200D6ED63 /* FirebaseAuth */ = {
			isa = XCSwiftPackageProductDependency;
			package = 49FE57192B1CB65500E4A0E2 /* XCRemoteSwiftPackageReference "firebase-ios-sdk" */;
			productName = FirebaseAuth;
		};
		4991E1592B5F440200D6ED63 /* FirebaseFirestore */ = {
			isa = XCSwiftPackageProductDependency;
			package = 49FE57192B1CB65500E4A0E2 /* XCRemoteSwiftPackageReference "firebase-ios-sdk" */;
			productName = FirebaseFirestore;
		};
		49FE571A2B1CB65500E4A0E2 /* FirebaseAuth */ = {
			isa = XCSwiftPackageProductDependency;
			package = 49FE57192B1CB65500E4A0E2 /* XCRemoteSwiftPackageReference "firebase-ios-sdk" */;
			productName = FirebaseAuth;
		};
		49FE571C2B1CB65500E4A0E2 /* FirebaseFirestore */ = {
			isa = XCSwiftPackageProductDependency;
			package = 49FE57192B1CB65500E4A0E2 /* XCRemoteSwiftPackageReference "firebase-ios-sdk" */;
			productName = FirebaseFirestore;
		};
		49FE571E2B1CB65500E4A0E2 /* FirebaseFirestoreSwift */ = {
			isa = XCSwiftPackageProductDependency;
			package = 49FE57192B1CB65500E4A0E2 /* XCRemoteSwiftPackageReference "firebase-ios-sdk" */;
			productName = FirebaseFirestoreSwift;
		};
/* End XCSwiftPackageProductDependency section */
	};
	rootObject = 49B862B52B1BC45200FED137 /* Project object */;
}
